
Microsoft Visual Studio Solution File, Format Version 12.00
# Visual Studio Version 16
VisualStudioVersion = 16.0.29324.140
MinimumVisualStudioVersion = 10.0.40219.1
Project("{FAE04EC0-301F-11D3-BF4B-00C04F79EFBC}") = "DPTIS_XamarinF_PR2.UWP", "DPTIS_XamarinF_PR2\DPTIS_XamarinF_PR2.UWP\DPTIS_XamarinF_PR2.UWP.csproj", "{6658FD1C-E27A-4E85-840E-DD0A534F6A71}"
EndProject
Project("{FAE04EC0-301F-11D3-BF4B-00C04F79EFBC}") = "DPTIS_XamarinF_PR2.Android", "DPTIS_XamarinF_PR2\DPTIS_XamarinF_PR2.Android\DPTIS_XamarinF_PR2.Android.csproj", "{127D2790-4FA3-498C-86FC-69EE396BBC15}"
EndProject
Project("{FAE04EC0-301F-11D3-BF4B-00C04F79EFBC}") = "DPTIS_XamarinF_PR2.iOS", "DPTIS_XamarinF_PR2\DPTIS_XamarinF_PR2.iOS\DPTIS_XamarinF_PR2.iOS.csproj", "{B25950CC-3013-45CC-8998-F2D0CB306096}"
EndProject
Project("{9A19103F-16F7-4668-BE54-9A1E7A4F7556}") = "DPTIS_XamarinF_PR2", "DPTIS_XamarinF_PR2\DPTIS_XamarinF_PR2\DPTIS_XamarinF_PR2.csproj", "{FEBBE1DA-5395-481D-BB68-F7C771BD9268}"
EndProject
Project("{D954291E-2A0B-460D-934E-DC6B0785DB48}") = "DPTIS_XamarinF_PR2.Shared", "DPTIS_XamarinF_PR2\DPTIS_XamarinF_PR2.Shared\DPTIS_XamarinF_PR2.Shared.shproj", "{859B82A6-1816-421B-8150-2F4D6519CD11}"
EndProject
Global
	GlobalSection(SharedMSBuildProjectFiles) = preSolution
		DPTIS_XamarinF_PR2\DPTIS_XamarinF_PR2.Shared\DPTIS_XamarinF_PR2.Views.Shared.projitems*{127d2790-4fa3-498c-86fc-69ee396bbc15}*SharedItemsImports = 4
		DPTIS_XamarinF_PR2\DPTIS_XamarinF_PR2.Shared\DPTIS_XamarinF_PR2.Views.Shared.projitems*{859b82a6-1816-421b-8150-2f4d6519cd11}*SharedItemsImports = 13
		DPTIS_XamarinF_PR2\DPTIS_XamarinF_PR2.Shared\DPTIS_XamarinF_PR2.Views.Shared.projitems*{b25950cc-3013-45cc-8998-f2d0cb306096}*SharedItemsImports = 4
	EndGlobalSection
	GlobalSection(SolutionConfigurationPlatforms) = preSolution
		Debug|Any CPU = Debug|Any CPU
		Debug|ARM = Debug|ARM
		Debug|iPhone = Debug|iPhone
		Debug|iPhoneSimulator = Debug|iPhoneSimulator
		Debug|x64 = Debug|x64
		Debug|x86 = Debug|x86
		Release|Any CPU = Release|Any CPU
		Release|ARM = Release|ARM
		Release|iPhone = Release|iPhone
		Release|iPhoneSimulator = Release|iPhoneSimulator
		Release|x64 = Release|x64
		Release|x86 = Release|x86
	EndGlobalSection
	GlobalSection(ProjectConfigurationPlatforms) = postSolution
		{6658FD1C-E27A-4E85-840E-DD0A534F6A71}.Debug|Any CPU.ActiveCfg = Debug|x86
		{6658FD1C-E27A-4E85-840E-DD0A534F6A71}.Debug|Any CPU.Build.0 = Debug|x86
		{6658FD1C-E27A-4E85-840E-DD0A534F6A71}.Debug|Any CPU.Deploy.0 = Debug|x86
		{6658FD1C-E27A-4E85-840E-DD0A534F6A71}.Debug|ARM.ActiveCfg = Debug|ARM
		{6658FD1C-E27A-4E85-840E-DD0A534F6A71}.Debug|ARM.Build.0 = Debug|ARM
		{6658FD1C-E27A-4E85-840E-DD0A534F6A71}.Debug|ARM.Deploy.0 = Debug|ARM
		{6658FD1C-E27A-4E85-840E-DD0A534F6A71}.Debug|iPhone.ActiveCfg = Debug|x86
		{6658FD1C-E27A-4E85-840E-DD0A534F6A71}.Debug|iPhone.Build.0 = Debug|x86
		{6658FD1C-E27A-4E85-840E-DD0A534F6A71}.Debug|iPhone.Deploy.0 = Debug|x86
		{6658FD1C-E27A-4E85-840E-DD0A534F6A71}.Debug|iPhoneSimulator.ActiveCfg = Debug|x86
		{6658FD1C-E27A-4E85-840E-DD0A534F6A71}.Debug|iPhoneSimulator.Build.0 = Debug|x86
		{6658FD1C-E27A-4E85-840E-DD0A534F6A71}.Debug|iPhoneSimulator.Deploy.0 = Debug|x86
		{6658FD1C-E27A-4E85-840E-DD0A534F6A71}.Debug|x64.ActiveCfg = Debug|x64
		{6658FD1C-E27A-4E85-840E-DD0A534F6A71}.Debug|x64.Build.0 = Debug|x64
		{6658FD1C-E27A-4E85-840E-DD0A534F6A71}.Debug|x64.Deploy.0 = Debug|x64
		{6658FD1C-E27A-4E85-840E-DD0A534F6A71}.Debug|x86.ActiveCfg = Debug|x86
		{6658FD1C-E27A-4E85-840E-DD0A534F6A71}.Debug|x86.Build.0 = Debug|x86
		{6658FD1C-E27A-4E85-840E-DD0A534F6A71}.Debug|x86.Deploy.0 = Debug|x86
		{6658FD1C-E27A-4E85-840E-DD0A534F6A71}.Release|Any CPU.ActiveCfg = Release|x86
		{6658FD1C-E27A-4E85-840E-DD0A534F6A71}.Release|Any CPU.Build.0 = Release|x86
		{6658FD1C-E27A-4E85-840E-DD0A534F6A71}.Release|Any CPU.Deploy.0 = Release|x86
		{6658FD1C-E27A-4E85-840E-DD0A534F6A71}.Release|ARM.ActiveCfg = Release|ARM
		{6658FD1C-E27A-4E85-840E-DD0A534F6A71}.Release|ARM.Build.0 = Release|ARM
		{6658FD1C-E27A-4E85-840E-DD0A534F6A71}.Release|ARM.Deploy.0 = Release|ARM
		{6658FD1C-E27A-4E85-840E-DD0A534F6A71}.Release|iPhone.ActiveCfg = Release|x86
		{6658FD1C-E27A-4E85-840E-DD0A534F6A71}.Release|iPhone.Build.0 = Release|x86
		{6658FD1C-E27A-4E85-840E-DD0A534F6A71}.Release|iPhone.Deploy.0 = Release|x86
		{6658FD1C-E27A-4E85-840E-DD0A534F6A71}.Release|iPhoneSimulator.ActiveCfg = Release|x86
		{6658FD1C-E27A-4E85-840E-DD0A534F6A71}.Release|iPhoneSimulator.Build.0 = Release|x86
		{6658FD1C-E27A-4E85-840E-DD0A534F6A71}.Release|iPhoneSimulator.Deploy.0 = Release|x86
		{6658FD1C-E27A-4E85-840E-DD0A534F6A71}.Release|x64.ActiveCfg = Release|x64
		{6658FD1C-E27A-4E85-840E-DD0A534F6A71}.Release|x64.Build.0 = Release|x64
		{6658FD1C-E27A-4E85-840E-DD0A534F6A71}.Release|x64.Deploy.0 = Release|x64
		{6658FD1C-E27A-4E85-840E-DD0A534F6A71}.Release|x86.ActiveCfg = Release|x86
		{6658FD1C-E27A-4E85-840E-DD0A534F6A71}.Release|x86.Build.0 = Release|x86
		{6658FD1C-E27A-4E85-840E-DD0A534F6A71}.Release|x86.Deploy.0 = Release|x86
		{127D2790-4FA3-498C-86FC-69EE396BBC15}.Debug|Any CPU.ActiveCfg = Debug|Any CPU
		{127D2790-4FA3-498C-86FC-69EE396BBC15}.Debug|Any CPU.Build.0 = Debug|Any CPU
		{127D2790-4FA3-498C-86FC-69EE396BBC15}.Debug|Any CPU.Deploy.0 = Debug|Any CPU
		{127D2790-4FA3-498C-86FC-69EE396BBC15}.Debug|ARM.ActiveCfg = Debug|Any CPU
		{127D2790-4FA3-498C-86FC-69EE396BBC15}.Debug|ARM.Build.0 = Debug|Any CPU
		{127D2790-4FA3-498C-86FC-69EE396BBC15}.Debug|ARM.Deploy.0 = Debug|Any CPU
		{127D2790-4FA3-498C-86FC-69EE396BBC15}.Debug|iPhone.ActiveCfg = Debug|Any CPU
		{127D2790-4FA3-498C-86FC-69EE396BBC15}.Debug|iPhone.Build.0 = Debug|Any CPU
		{127D2790-4FA3-498C-86FC-69EE396BBC15}.Debug|iPhone.Deploy.0 = Debug|Any CPU
		{127D2790-4FA3-498C-86FC-69EE396BBC15}.Debug|iPhoneSimulator.ActiveCfg = Debug|Any CPU
		{127D2790-4FA3-498C-86FC-69EE396BBC15}.Debug|iPhoneSimulator.Build.0 = Debug|Any CPU
		{127D2790-4FA3-498C-86FC-69EE396BBC15}.Debug|iPhoneSimulator.Deploy.0 = Debug|Any CPU
		{127D2790-4FA3-498C-86FC-69EE396BBC15}.Debug|x64.ActiveCfg = Debug|Any CPU
		{127D2790-4FA3-498C-86FC-69EE396BBC15}.Debug|x64.Build.0 = Debug|Any CPU
		{127D2790-4FA3-498C-86FC-69EE396BBC15}.Debug|x64.Deploy.0 = Debug|Any CPU
		{127D2790-4FA3-498C-86FC-69EE396BBC15}.Debug|x86.ActiveCfg = Debug|Any CPU
		{127D2790-4FA3-498C-86FC-69EE396BBC15}.Debug|x86.Build.0 = Debug|Any CPU
		{127D2790-4FA3-498C-86FC-69EE396BBC15}.Debug|x86.Deploy.0 = Debug|Any CPU
		{127D2790-4FA3-498C-86FC-69EE396BBC15}.Release|Any CPU.ActiveCfg = Release|Any CPU
		{127D2790-4FA3-498C-86FC-69EE396BBC15}.Release|Any CPU.Build.0 = Release|Any CPU
		{127D2790-4FA3-498C-86FC-69EE396BBC15}.Release|Any CPU.Deploy.0 = Release|Any CPU
		{127D2790-4FA3-498C-86FC-69EE396BBC15}.Release|ARM.ActiveCfg = Release|Any CPU
		{127D2790-4FA3-498C-86FC-69EE396BBC15}.Release|ARM.Build.0 = Release|Any CPU
		{127D2790-4FA3-498C-86FC-69EE396BBC15}.Release|ARM.Deploy.0 = Release|Any CPU
		{127D2790-4FA3-498C-86FC-69EE396BBC15}.Release|iPhone.ActiveCfg = Release|Any CPU
		{127D2790-4FA3-498C-86FC-69EE396BBC15}.Release|iPhone.Build.0 = Release|Any CPU
		{127D2790-4FA3-498C-86FC-69EE396BBC15}.Release|iPhone.Deploy.0 = Release|Any CPU
		{127D2790-4FA3-498C-86FC-69EE396BBC15}.Release|iPhoneSimulator.ActiveCfg = Release|Any CPU
		{127D2790-4FA3-498C-86FC-69EE396BBC15}.Release|iPhoneSimulator.Build.0 = Release|Any CPU
		{127D2790-4FA3-498C-86FC-69EE396BBC15}.Release|iPhoneSimulator.Deploy.0 = Release|Any CPU
		{127D2790-4FA3-498C-86FC-69EE396BBC15}.Release|x64.ActiveCfg = Release|Any CPU
		{127D2790-4FA3-498C-86FC-69EE396BBC15}.Release|x64.Build.0 = Release|Any CPU
		{127D2790-4FA3-498C-86FC-69EE396BBC15}.Release|x64.Deploy.0 = Release|Any CPU
		{127D2790-4FA3-498C-86FC-69EE396BBC15}.Release|x86.ActiveCfg = Release|Any CPU
		{127D2790-4FA3-498C-86FC-69EE396BBC15}.Release|x86.Build.0 = Release|Any CPU
		{127D2790-4FA3-498C-86FC-69EE396BBC15}.Release|x86.Deploy.0 = Release|Any CPU
		{B25950CC-3013-45CC-8998-F2D0CB306096}.Debug|Any CPU.ActiveCfg = Debug|iPhone
		{B25950CC-3013-45CC-8998-F2D0CB306096}.Debug|Any CPU.Build.0 = Debug|iPhone
		{B25950CC-3013-45CC-8998-F2D0CB306096}.Debug|Any CPU.Deploy.0 = Debug|iPhone
		{B25950CC-3013-45CC-8998-F2D0CB306096}.Debug|ARM.ActiveCfg = Debug|iPhoneSimulator
		{B25950CC-3013-45CC-8998-F2D0CB306096}.Debug|ARM.Build.0 = Debug|iPhoneSimulator
		{B25950CC-3013-45CC-8998-F2D0CB306096}.Debug|ARM.Deploy.0 = Debug|iPhoneSimulator
		{B25950CC-3013-45CC-8998-F2D0CB306096}.Debug|iPhone.ActiveCfg = Debug|iPhone
		{B25950CC-3013-45CC-8998-F2D0CB306096}.Debug|iPhone.Build.0 = Debug|iPhone
		{B25950CC-3013-45CC-8998-F2D0CB306096}.Debug|iPhone.Deploy.0 = Debug|iPhone
		{B25950CC-3013-45CC-8998-F2D0CB306096}.Debug|iPhoneSimulator.ActiveCfg = Debug|iPhoneSimulator
		{B25950CC-3013-45CC-8998-F2D0CB306096}.Debug|iPhoneSimulator.Build.0 = Debug|iPhoneSimulator
		{B25950CC-3013-45CC-8998-F2D0CB306096}.Debug|iPhoneSimulator.Deploy.0 = Debug|iPhoneSimulator
		{B25950CC-3013-45CC-8998-F2D0CB306096}.Debug|x64.ActiveCfg = Debug|iPhone
		{B25950CC-3013-45CC-8998-F2D0CB306096}.Debug|x64.Build.0 = Debug|iPhone
		{B25950CC-3013-45CC-8998-F2D0CB306096}.Debug|x64.Deploy.0 = Debug|iPhone
		{B25950CC-3013-45CC-8998-F2D0CB306096}.Debug|x86.ActiveCfg = Debug|iPhone
		{B25950CC-3013-45CC-8998-F2D0CB306096}.Debug|x86.Build.0 = Debug|iPhone
		{B25950CC-3013-45CC-8998-F2D0CB306096}.Debug|x86.Deploy.0 = Debug|iPhone
		{B25950CC-3013-45CC-8998-F2D0CB306096}.Release|Any CPU.ActiveCfg = Release|iPhone
		{B25950CC-3013-45CC-8998-F2D0CB306096}.Release|Any CPU.Build.0 = Release|iPhone
		{B25950CC-3013-45CC-8998-F2D0CB306096}.Release|Any CPU.Deploy.0 = Release|iPhone
		{B25950CC-3013-45CC-8998-F2D0CB306096}.Release|ARM.ActiveCfg = Release|iPhone
		{B25950CC-3013-45CC-8998-F2D0CB306096}.Release|ARM.Build.0 = Release|iPhone
		{B25950CC-3013-45CC-8998-F2D0CB306096}.Release|ARM.Deploy.0 = Release|iPhone
		{B25950CC-3013-45CC-8998-F2D0CB306096}.Release|iPhone.ActiveCfg = Release|iPhone
		{B25950CC-3013-45CC-8998-F2D0CB306096}.Release|iPhone.Build.0 = Release|iPhone
		{B25950CC-3013-45CC-8998-F2D0CB306096}.Release|iPhone.Deploy.0 = Release|iPhone
		{B25950CC-3013-45CC-8998-F2D0CB306096}.Release|iPhoneSimulator.ActiveCfg = Release|iPhoneSimulator
		{B25950CC-3013-45CC-8998-F2D0CB306096}.Release|iPhoneSimulator.Build.0 = Release|iPhoneSimulator
		{B25950CC-3013-45CC-8998-F2D0CB306096}.Release|iPhoneSimulator.Deploy.0 = Release|iPhoneSimulator
		{B25950CC-3013-45CC-8998-F2D0CB306096}.Release|x64.ActiveCfg = Release|iPhone
		{B25950CC-3013-45CC-8998-F2D0CB306096}.Release|x64.Build.0 = Release|iPhone
		{B25950CC-3013-45CC-8998-F2D0CB306096}.Release|x64.Deploy.0 = Release|iPhone
		{B25950CC-3013-45CC-8998-F2D0CB306096}.Release|x86.ActiveCfg = Release|iPhone
		{B25950CC-3013-45CC-8998-F2D0CB306096}.Release|x86.Build.0 = Release|iPhone
		{B25950CC-3013-45CC-8998-F2D0CB306096}.Release|x86.Deploy.0 = Release|iPhone
		{FEBBE1DA-5395-481D-BB68-F7C771BD9268}.Debug|Any CPU.ActiveCfg = Debug|Any CPU
		{FEBBE1DA-5395-481D-BB68-F7C771BD9268}.Debug|Any CPU.Build.0 = Debug|Any CPU
		{FEBBE1DA-5395-481D-BB68-F7C771BD9268}.Debug|Any CPU.Deploy.0 = Debug|Any CPU
		{FEBBE1DA-5395-481D-BB68-F7C771BD9268}.Debug|ARM.ActiveCfg = Debug|Any CPU
		{FEBBE1DA-5395-481D-BB68-F7C771BD9268}.Debug|ARM.Build.0 = Debug|Any CPU
		{FEBBE1DA-5395-481D-BB68-F7C771BD9268}.Debug|ARM.Deploy.0 = Debug|Any CPU
		{FEBBE1DA-5395-481D-BB68-F7C771BD9268}.Debug|iPhone.ActiveCfg = Debug|Any CPU
		{FEBBE1DA-5395-481D-BB68-F7C771BD9268}.Debug|iPhone.Build.0 = Debug|Any CPU
		{FEBBE1DA-5395-481D-BB68-F7C771BD9268}.Debug|iPhone.Deploy.0 = Debug|Any CPU
		{FEBBE1DA-5395-481D-BB68-F7C771BD9268}.Debug|iPhoneSimulator.ActiveCfg = Debug|Any CPU
		{FEBBE1DA-5395-481D-BB68-F7C771BD9268}.Debug|iPhoneSimulator.Build.0 = Debug|Any CPU
		{FEBBE1DA-5395-481D-BB68-F7C771BD9268}.Debug|iPhoneSimulator.Deploy.0 = Debug|Any CPU
		{FEBBE1DA-5395-481D-BB68-F7C771BD9268}.Debug|x64.ActiveCfg = Debug|Any CPU
		{FEBBE1DA-5395-481D-BB68-F7C771BD9268}.Debug|x64.Build.0 = Debug|Any CPU
		{FEBBE1DA-5395-481D-BB68-F7C771BD9268}.Debug|x64.Deploy.0 = Debug|Any CPU
		{FEBBE1DA-5395-481D-BB68-F7C771BD9268}.Debug|x86.ActiveCfg = Debug|Any CPU
		{FEBBE1DA-5395-481D-BB68-F7C771BD9268}.Debug|x86.Build.0 = Debug|Any CPU
		{FEBBE1DA-5395-481D-BB68-F7C771BD9268}.Debug|x86.Deploy.0 = Debug|Any CPU
		{FEBBE1DA-5395-481D-BB68-F7C771BD9268}.Release|Any CPU.ActiveCfg = Release|Any CPU
		{FEBBE1DA-5395-481D-BB68-F7C771BD9268}.Release|Any CPU.Build.0 = Release|Any CPU
		{FEBBE1DA-5395-481D-BB68-F7C771BD9268}.Release|Any CPU.Deploy.0 = Release|Any CPU
		{FEBBE1DA-5395-481D-BB68-F7C771BD9268}.Release|ARM.ActiveCfg = Release|Any CPU
		{FEBBE1DA-5395-481D-BB68-F7C771BD9268}.Release|ARM.Build.0 = Release|Any CPU
		{FEBBE1DA-5395-481D-BB68-F7C771BD9268}.Release|ARM.Deploy.0 = Release|Any CPU
		{FEBBE1DA-5395-481D-BB68-F7C771BD9268}.Release|iPhone.ActiveCfg = Release|Any CPU
		{FEBBE1DA-5395-481D-BB68-F7C771BD9268}.Release|iPhone.Build.0 = Release|Any CPU
		{FEBBE1DA-5395-481D-BB68-F7C771BD9268}.Release|iPhone.Deploy.0 = Release|Any CPU
		{FEBBE1DA-5395-481D-BB68-F7C771BD9268}.Release|iPhoneSimulator.ActiveCfg = Release|Any CPU
		{FEBBE1DA-5395-481D-BB68-F7C771BD9268}.Release|iPhoneSimulator.Build.0 = Release|Any CPU
		{FEBBE1DA-5395-481D-BB68-F7C771BD9268}.Release|iPhoneSimulator.Deploy.0 = Release|Any CPU
		{FEBBE1DA-5395-481D-BB68-F7C771BD9268}.Release|x64.ActiveCfg = Release|Any CPU
		{FEBBE1DA-5395-481D-BB68-F7C771BD9268}.Release|x64.Build.0 = Release|Any CPU
		{FEBBE1DA-5395-481D-BB68-F7C771BD9268}.Release|x64.Deploy.0 = Release|Any CPU
		{FEBBE1DA-5395-481D-BB68-F7C771BD9268}.Release|x86.ActiveCfg = Release|Any CPU
		{FEBBE1DA-5395-481D-BB68-F7C771BD9268}.Release|x86.Build.0 = Release|Any CPU
		{FEBBE1DA-5395-481D-BB68-F7C771BD9268}.Release|x86.Deploy.0 = Release|Any CPU
	EndGlobalSection
	GlobalSection(SolutionProperties) = preSolution
		HideSolutionNode = FALSE
	EndGlobalSection
	GlobalSection(ExtensibilityGlobals) = postSolution
		SolutionGuid = {5964BA32-5E29-4AA2-B53C-8F05388B3DB8}
	EndGlobalSection
	GlobalSection(TeamFoundationVersionControl) = preSolution
		SccNumberOfProjects = 7
		SccEnterpriseProvider = {4CA58AB2-18FA-4F8D-95D4-32DDF27D184C}
		SccTeamFoundationServer = https://qhiana7.visualstudio.com/defaultcollection
		SccLocalPath0 = .
		SccProjectUniqueName1 = DPTIS_XamarinF_PR2\\DPTIS_XamarinF_PR2.Android\\DPTIS_XamarinF_PR2.Android.csproj
		SccProjectName1 = DPTIS_XamarinF_PR2/DPTIS_XamarinF_PR2.Android
		SccLocalPath1 = DPTIS_XamarinF_PR2\\DPTIS_XamarinF_PR2.Android
		SccProjectUniqueName2 = DPTIS_XamarinF_PR2\\DPTIS_XamarinF_PR2.iOS\\DPTIS_XamarinF_PR2.iOS.csproj
		SccProjectName2 = DPTIS_XamarinF_PR2/DPTIS_XamarinF_PR2.iOS
		SccLocalPath2 = DPTIS_XamarinF_PR2\\DPTIS_XamarinF_PR2.iOS
		SccProjectUniqueName3 = DPTIS_XamarinF_PR2\\DPTIS_XamarinF_PR2.UWP\\DPTIS_XamarinF_PR2.UWP.csproj
		SccProjectName3 = DPTIS_XamarinF_PR2/DPTIS_XamarinF_PR2.UWP
		SccLocalPath3 = DPTIS_XamarinF_PR2\\DPTIS_XamarinF_PR2.UWP
		SccProjectUniqueName4 = DPTIS_XamarinF_PR2\\DPTIS_XamarinF_PR2\\DPTIS_XamarinF_PR2.csproj
		SccProjectName4 = DPTIS_XamarinF_PR2/DPTIS_XamarinF_PR2
		SccLocalPath4 = DPTIS_XamarinF_PR2\\DPTIS_XamarinF_PR2
		SccProjectUniqueName5 = DPTIS_XamarinF_PR2\\DPTIS_XamarinF_PR2.Shared\\DPTIS_XamarinF_PR2.Shared.shproj
		SccProjectName5 = DPTIS_XamarinF_PR2/DPTIS_XamarinF_PR2.Shared
		SccLocalPath5 = DPTIS_XamarinF_PR2\\DPTIS_XamarinF_PR2.Shared
		SccProjectUniqueName6 = DPTIS_XamarinF_PR2\\DPTIS_XamarinF_PR2.Shared\\DPTIS_XamarinF_PR2.Views.Shared.projitems
		SccProjectTopLevelParentUniqueName6 = DPTIS_XamarinF_PR2\\DPTIS_XamarinF_PR2.Shared\\DPTIS_XamarinF_PR2.Shared.shproj
		SccProjectName6 = DPTIS_XamarinF_PR2/DPTIS_XamarinF_PR2.Shared
		SccLocalPath6 = DPTIS_XamarinF_PR2\\DPTIS_XamarinF_PR2.Shared
	EndGlobalSection
EndGlobal
